// !$*UTF8*$!
{
	archiveVersion = 1;
	classes = {
	};
	objectVersion = 77;
	objects = {

/* Begin PBXContainerItemProxy section */
		E28FFDC62F29208400CBBAAE /* PBXContainerItemProxy */ = {
			isa = PBXContainerItemProxy;
			containerPortal = E28FFDAB2F29208300CBBAAE /* Project object */;
			proxyType = 1;
			remoteGlobalIDString = E28FFDB22F29208300CBBAAE;
			remoteInfo = BeforeZero;
		};
		E28FFDD02F29208400CBBAAE /* PBXContainerItemProxy */ = {
			isa = PBXContainerItemProxy;
			containerPortal = E28FFDAB2F29208300CBBAAE /* Project object */;
			proxyType = 1;
			remoteGlobalIDString = E28FFDB22F29208300CBBAAE;
			remoteInfo = BeforeZero;
		};
/* End PBXContainerItemProxy section */

/* Begin PBXFileReference section */
		E28FFDB32F29208300CBBAAE /* BeforeZero.app */ = {isa = PBXFileReference; explicitFileType = wrapper.application; includeInIndex = 0; path = BeforeZero.app; sourceTree = BUILT_PRODUCTS_DIR; };
		E28FFDC52F29208400CBBAAE /* BeforeZeroTests.xctest */ = {isa = PBXFileReference; explicitFileType = wrapper.cfbundle; includeInIndex = 0; path = BeforeZeroTests.xctest; sourceTree = BUILT_PRODUCTS_DIR; };
		E28FFDCF2F29208400CBBAAE /* BeforeZeroUITests.xctest */ = {isa = PBXFileReference; explicitFileType = wrapper.cfbundle; includeInIndex = 0; path = BeforeZeroUITests.xctest; sourceTree = BUILT_PRODUCTS_DIR; };
/* End PBXFileReference section */

/* Begin PBXFileSystemSynchronizedRootGroup section */
		E28FFDB52F29208300CBBAAE /* BeforeZero */ = {
			isa = PBXFileSystemSynchronizedRootGroup;
			path = BeforeZero;
			sourceTree = "<group>";
		};
		E28FFDC82F29208400CBBAAE /* BeforeZeroTests */ = {
			isa = PBXFileSystemSynchronizedRootGroup;
			path = BeforeZeroTests;
			sourceTree = "<group>";
		};
		E28FFDD22F29208400CBBAAE /* BeforeZeroUITests */ = {
			isa = PBXFileSystemSynchronizedRootGroup;
			path = BeforeZeroUITests;
			sourceTree = "<group>";
		};
/* End PBXFileSystemSynchronizedRootGroup section */

/* Begin PBXFrameworksBuildPhase section */
		E28FFDB02F29208300CBBAAE /* Frameworks */ = {
			isa = PBXFrameworksBuildPhase;
			buildActionMask = 2147483647;
			files = (
			);
			runOnlyForDeploymentPostprocessing = 0;
		};
		E28FFDC22F29208400CBBAAE /* Frameworks */ = {
			isa = PBXFrameworksBuildPhase;
			buildActionMask = 2147483647;
			files = (
			);
			runOnlyForDeploymentPostprocessing = 0;
		};
		E28FFDCC2F29208400CBBAAE /* Frameworks */ = {
			isa = PBXFrameworksBuildPhase;
			buildActionMask = 2147483647;
			files = (
			);
			runOnlyForDeploymentPostprocessing = 0;
		};
/* End PBXFrameworksBuildPhase section */

/* Begin PBXGroup section */
		E28FFDAA2F29208300CBBAAE = {
			isa = PBXGroup;
			children = (
				E28FFDB52F29208300CBBAAE /* BeforeZero */,
				E28FFDC82F29208400CBBAAE /* BeforeZeroTests */,
				E28FFDD22F29208400CBBAAE /* BeforeZeroUITests */,
				E28FFDB42F29208300CBBAAE /* Products */,
			);
			sourceTree = "<group>";
		};
		E28FFDB42F29208300CBBAAE /* Products */ = {
			isa = PBXGroup;
			children = (
				E28FFDB32F29208300CBBAAE /* BeforeZero.app */,
				E28FFDC52F29208400CBBAAE /* BeforeZeroTests.xctest */,
				E28FFDCF2F29208400CBBAAE /* BeforeZeroUITests.xctest */,
			);
			name = Products;
			sourceTree = "<group>";
		};
/* End PBXGroup section */

/* Begin PBXNativeTarget section */
		E28FFDB22F29208300CBBAAE /* BeforeZero */ = {
			isa = PBXNativeTarget;
			buildConfigurationList = E28FFDD92F29208400CBBAAE /* Build configuration list for PBXNativeTarget "BeforeZero" */;
			buildPhases = (
				E28FFDAF2F29208300CBBAAE /* Sources */,
				E28FFDB02F29208300CBBAAE /* Frameworks */,
				E28FFDB12F29208300CBBAAE /* Resources */,
			);
			buildRules = (
			);
			dependencies = (
			);
			fileSystemSynchronizedGroups = (
				E28FFDB52F29208300CBBAAE /* BeforeZero */,
			);
			name = BeforeZero;
			packageProductDependencies = (
			);
			productName = BeforeZero;
			productReference = E28FFDB32F29208300CBBAAE /* BeforeZero.app */;
			productType = "com.apple.product-type.application";
		};
		E28FFDC42F29208400CBBAAE /* BeforeZeroTests */ = {
			isa = PBXNativeTarget;
			buildConfigurationList = E28FFDDC2F29208400CBBAAE /* Build configuration list for PBXNativeTarget "BeforeZeroTests" */;
			buildPhases = (
				E28FFDC12F29208400CBBAAE /* Sources */,
				E28FFDC22F29208400CBBAAE /* Frameworks */,
				E28FFDC32F29208400CBBAAE /* Resources */,
			);
			buildRules = (
			);
			dependencies = (
				E28FFDC72F29208400CBBAAE /* PBXTargetDependency */,
			);
			fileSystemSynchronizedGroups = (
				E28FFDC82F29208400CBBAAE /* BeforeZeroTests */,
			);
			name = BeforeZeroTests;
			packageProductDependencies = (
			);
			productName = BeforeZeroTests;
			productReference = E28FFDC52F29208400CBBAAE /* BeforeZeroTests.xctest */;
			productType = "com.apple.product-type.bundle.unit-test";
		};
		E28FFDCE2F29208400CBBAAE /* BeforeZeroUITests */ = {
			isa = PBXNativeTarget;
			buildConfigurationList = E28FFDDF2F29208400CBBAAE /* Build configuration list for PBXNativeTarget "BeforeZeroUITests" */;
			buildPhases = (
				E28FFDCB2F29208400CBBAAE /* Sources */,
				E28FFDCC2F29208400CBBAAE /* Frameworks */,
				E28FFDCD2F29208400CBBAAE /* Resources */,
			);
			buildRules = (
			);
			dependencies = (
				E28FFDD12F29208400CBBAAE /* PBXTargetDependency */,
			);
			fileSystemSynchronizedGroups = (
				E28FFDD22F29208400CBBAAE /* BeforeZeroUITests */,
			);
			name = BeforeZeroUITests;
			packageProductDependencies = (
			);
			productName = BeforeZeroUITests;
			productReference = E28FFDCF2F29208400CBBAAE /* BeforeZeroUITests.xctest */;
			productType = "com.apple.product-type.bundle.ui-testing";
		};
/* End PBXNativeTarget section */

/* Begin PBXProject section */
		E28FFDAB2F29208300CBBAAE /* Project object */ = {
			isa = PBXProject;
			attributes = {
				BuildIndependentTargetsInParallel = 1;
				LastSwiftUpdateCheck = 1620;
				LastUpgradeCheck = 1620;
				TargetAttributes = {
					E28FFDB22F29208300CBBAAE = {
						CreatedOnToolsVersion = 16.2;
					};
					E28FFDC42F29208400CBBAAE = {
						CreatedOnToolsVersion = 16.2;
						TestTargetID = E28FFDB22F29208300CBBAAE;
					};
					E28FFDCE2F29208400CBBAAE = {
						CreatedOnToolsVersion = 16.2;
						TestTargetID = E28FFDB22F29208300CBBAAE;
					};
				};
			};
			buildConfigurationList = E28FFDAE2F29208300CBBAAE /* Build configuration list for PBXProject "BeforeZero" */;
			developmentRegion = en;
			hasScannedForEncodings = 0;
			knownRegions = (
				en,
				Base,
			);
			mainGroup = E28FFDAA2F29208300CBBAAE;
			minimizedProjectReferenceProxies = 1;
			preferredProjectObjectVersion = 77;
			productRefGroup = E28FFDB42F29208300CBBAAE /* Products */;
			projectDirPath = "";
			projectRoot = "";
			targets = (
				E28FFDB22F29208300CBBAAE /* BeforeZero */,
				E28FFDC42F29208400CBBAAE /* BeforeZeroTests */,
				E28FFDCE2F29208400CBBAAE /* BeforeZeroUITests */,
			);
		};
/* End PBXProject section */

/* Begin PBXResourcesBuildPhase section */
		E28FFDB12F29208300CBBAAE /* Resources */ = {
			isa = PBXResourcesBuildPhase;
			buildActionMask = 2147483647;
			files = (
			);
			runOnlyForDeploymentPostprocessing = 0;
		};
		E28FFDC32F29208400CBBAAE /* Resources */ = {
			isa = PBXResourcesBuildPhase;
			buildActionMask = 2147483647;
			files = (
			);
			runOnlyForDeploymentPostprocessing = 0;
		};
		E28FFDCD2F29208400CBBAAE /* Resources */ = {
			isa = PBXResourcesBuildPhase;
			buildActionMask = 2147483647;
			files = (
			);
			runOnlyForDeploymentPostprocessing = 0;
		};
/* End PBXResourcesBuildPhase section */

/* Begin PBXSourcesBuildPhase section */
		E28FFDAF2F29208300CBBAAE /* Sources */ = {
			isa = PBXSourcesBuildPhase;
			buildActionMask = 2147483647;
			files = (
			);
			runOnlyForDeploymentPostprocessing = 0;
		};
		E28FFDC12F29208400CBBAAE /* Sources */ = {
			isa = PBXSourcesBuildPhase;
			buildActionMask = 2147483647;
			files = (
			);
			runOnlyForDeploymentPostprocessing = 0;
		};
		E28FFDCB2F29208400CBBAAE /* Sources */ = {
			isa = PBXSourcesBuildPhase;
			buildActionMask = 2147483647;
			files = (
			);
			runOnlyForDeploymentPostprocessing = 0;
		};
/* End PBXSourcesBuildPhase section */

/* Begin PBXTargetDependency section */
		E28FFDC72F29208400CBBAAE /* PBXTargetDependency */ = {
			isa = PBXTargetDependency;
			target = E28FFDB22F29208300CBBAAE /* BeforeZero */;
			targetProxy = E28FFDC62F29208400CBBAAE /* PBXContainerItemProxy */;
		};
		E28FFDD12F29208400CBBAAE /* PBXTargetDependency */ = {
			isa = PBXTargetDependency;
			target = E28FFDB22F29208300CBBAAE /* BeforeZero */;
			targetProxy = E28FFDD02F29208400CBBAAE /* PBXContainerItemProxy */;
		};
/* End PBXTargetDependency section */

/* Begin XCBuildConfiguration section */
		E28FFDD72F29208400CBBAAE /* Debug */ = {
			isa = XCBuildConfiguration;
			buildSettings = {
				ALWAYS_SEARCH_USER_PATHS = NO;
				ASSETCATALOG_COMPILER_GENERATE_SWIFT_ASSET_SYMBOL_EXTENSIONS = YES;
				CLANG_ANALYZER_NONNULL = YES;
				CLANG_ANALYZER_NUMBER_OBJECT_CONVERSION = YES_AGGRESSIVE;
				CLANG_CXX_LANGUAGE_STANDARD = "gnu++20";
				CLANG_ENABLE_MODULES = YES;
				CLANG_ENABLE_OBJC_ARC = YES;
				CLANG_ENABLE_OBJC_WEAK = YES;
				CLANG_WARN_BLOCK_CAPTURE_AUTORELEASING = YES;
				CLANG_WARN_BOOL_CONVERSION = YES;
				CLANG_WARN_COMMA = YES;
				CLANG_WARN_CONSTANT_CONVERSION = YES;
				CLANG_WARN_DEPRECATED_OBJC_IMPLEMENTATIONS = YES;
				CLANG_WARN_DIRECT_OBJC_ISA_USAGE = YES_ERROR;
				CLANG_WARN_DOCUMENTATION_COMMENTS = YES;
				CLANG_WARN_EMPTY_BODY = YES;
				CLANG_WARN_ENUM_CONVERSION = YES;
				CLANG_WARN_INFINITE_RECURSION = YES;
				CLANG_WARN_INT_CONVERSION = YES;
				CLANG_WARN_NON_LITERAL_NULL_CONVERSION = YES;
				CLANG_WARN_OBJC_IMPLICIT_RETAIN_SELF = YES;
				CLANG_WARN_OBJC_LITERAL_CONVERSION = YES;
				CLANG_WARN_OBJC_ROOT_CLASS = YES_ERROR;
				CLANG_WARN_QUOTED_INCLUDE_IN_FRAMEWORK_HEADER = YES;
				CLANG_WARN_RANGE_LOOP_ANALYSIS = YES;
				CLANG_WARN_STRICT_PROTOTYPES = YES;
				CLANG_WARN_SUSPICIOUS_MOVE = YES;
				CLANG_WARN_UNGUARDED_AVAILABILITY = YES_AGGRESSIVE;
				CLANG_WARN_UNREACHABLE_CODE = YES;
				CLANG_WARN__DUPLICATE_METHOD_MATCH = YES;
				COPY_PHASE_STRIP = NO;
				DEBUG_INFORMATION_FORMAT = dwarf;
				ENABLE_STRICT_OBJC_MSGSEND = YES;
				ENABLE_TESTABILITY = YES;
				ENABLE_USER_SCRIPT_SANDBOXING = YES;
				GCC_C_LANGUAGE_STANDARD = gnu17;
				GCC_DYNAMIC_NO_PIC = NO;
				GCC_NO_COMMON_BLOCKS = YES;
				GCC_OPTIMIZATION_LEVEL = 0;
				GCC_PREPROCESSOR_DEFINITIONS = (
					"DEBUG=1",
					"$(inherited)",
				);
				GCC_WARN_64_TO_32_BIT_CONVERSION = YES;
				GCC_WARN_ABOUT_RETURN_TYPE = YES_ERROR;
				GCC_WARN_UNDECLARED_SELECTOR = YES;
				GCC_WARN_UNINITIALIZED_AUTOS = YES_AGGRESSIVE;
				GCC_WARN_UNUSED_FUNCTION = YES;
				GCC_WARN_UNUSED_VARIABLE = YES;
				IPHONEOS_DEPLOYMENT_TARGET = 18.2;
				LOCALIZATION_PREFERS_STRING_CATALOGS = YES;
				MTL_ENABLE_DEBUG_INFO = INCLUDE_SOURCE;
				MTL_FAST_MATH = YES;
				ONLY_ACTIVE_ARCH = YES;
				SDKROOT = iphoneos;
				SWIFT_ACTIVE_COMPILATION_CONDITIONS = "DEBUG $(inherited)";
				SWIFT_OPTIMIZATION_LEVEL = "-Onone";
			};
			name = Debug;
		};
		E28FFDD82F29208400CBBAAE /* Release */ = {
			isa = XCBuildConfiguration;
			buildSettings = {
				ALWAYS_SEARCH_USER_PATHS = NO;
				ASSETCATALOG_COMPILER_GENERATE_SWIFT_ASSET_SYMBOL_EXTENSIONS = YES;
				CLANG_ANALYZER_NONNULL = YES;
				CLANG_ANALYZER_NUMBER_OBJECT_CONVERSION = YES_AGGRESSIVE;
				CLANG_CXX_LANGUAGE_STANDARD = "gnu++20";
				CLANG_ENABLE_MODULES = YES;
				CLANG_ENABLE_OBJC_ARC = YES;
				CLANG_ENABLE_OBJC_WEAK = YES;
				CLANG_WARN_BLOCK_CAPTURE_AUTORELEASING = YES;
				CLANG_WARN_BOOL_CONVERSION = YES;
				CLANG_WARN_COMMA = YES;
				CLANG_WARN_CONSTANT_CONVERSION = YES;
				CLANG_WARN_DEPRECATED_OBJC_IMPLEMENTATIONS = YES;
				CLANG_WARN_DIRECT_OBJC_ISA_USAGE = YES_ERROR;
				CLANG_WARN_DOCUMENTATION_COMMENTS = YES;
				CLANG_WARN_EMPTY_BODY = YES;
				CLANG_WARN_ENUM_CONVERSION = YES;
				CLANG_WARN_INFINITE_RECURSION = YES;
				CLANG_WARN_INT_CONVERSION = YES;
				CLANG_WARN_NON_LITERAL_NULL_CONVERSION = YES;
				CLANG_WARN_OBJC_IMPLICIT_RETAIN_SELF = YES;
				CLANG_WARN_OBJC_LITERAL_CONVERSION = YES;
				CLANG_WARN_OBJC_ROOT_CLASS = YES_ERROR;
				CLANG_WARN_QUOTED_INCLUDE_IN_FRAMEWORK_HEADER = YES;
				CLANG_WARN_RANGE_LOOP_ANALYSIS = YES;
				CLANG_WARN_STRICT_PROTOTYPES = YES;
				CLANG_WARN_SUSPICIOUS_MOVE = YES;
				CLANG_WARN_UNGUARDED_AVAILABILITY = YES_AGGRESSIVE;
				CLANG_WARN_UNREACHABLE_CODE = YES;
				CLANG_WARN__DUPLICATE_METHOD_MATCH = YES;
				COPY_PHASE_STRIP = NO;
				DEBUG_INFORMATION_FORMAT = "dwarf-with-dsym";
				ENABLE_NS_ASSERTIONS = NO;
				ENABLE_STRICT_OBJC_MSGSEND = YES;
				ENABLE_USER_SCRIPT_SANDBOXING = YES;
				GCC_C_LANGUAGE_STANDARD = gnu17;
				GCC_NO_COMMON_BLOCKS = YES;
				GCC_WARN_64_TO_32_BIT_CONVERSION = YES;
				GCC_WARN_ABOUT_RETURN_TYPE = YES_ERROR;
				GCC_WARN_UNDECLARED_SELECTOR = YES;
				GCC_WARN_UNINITIALIZED_AUTOS = YES_AGGRESSIVE;
				GCC_WARN_UNUSED_FUNCTION = YES;
				GCC_WARN_UNUSED_VARIABLE = YES;
				IPHONEOS_DEPLOYMENT_TARGET = 18.2;
				LOCALIZATION_PREFERS_STRING_CATALOGS = YES;
				MTL_ENABLE_DEBUG_INFO = NO;
				MTL_FAST_MATH = YES;
				SDKROOT = iphoneos;
				SWIFT_COMPILATION_MODE = wholemodule;
				VALIDATE_PRODUCT = YES;
			};
			name = Release;
		};
		E28FFDDA2F29208400CBBAAE /* Debug */ = {
			isa = XCBuildConfiguration;
			buildSettings = {
				ASSETCATALOG_COMPILER_APPICON_NAME = AppIcon;
				ASSETCATALOG_COMPILER_GLOBAL_ACCENT_COLOR_NAME = AccentColor;
				CODE_SIGN_STYLE = Automatic;
				CURRENT_PROJECT_VERSION = 1;
				DEVELOPMENT_ASSET_PATHS = "\"BeforeZero/Preview Content\"";
				DEVELOPMENT_TEAM = 4XRN6CF49N;
				ENABLE_PREVIEWS = YES;
				GENERATE_INFOPLIST_FILE = YES;
				INFOPLIST_KEY_CFBundleDisplayName = "Before Zero";
				INFOPLIST_KEY_LSApplicationCategoryType = "public.app-category.finance";
				INFOPLIST_KEY_UIApplicationSceneManifest_Generation = YES;
				INFOPLIST_KEY_UIApplicationSupportsIndirectInputEvents = YES;
				INFOPLIST_KEY_UILaunchScreen_Generation = YES;
				INFOPLIST_KEY_UIStatusBarHidden = YES;
				INFOPLIST_KEY_UIStatusBarStyle = "";
				INFOPLIST_KEY_UISupportedInterfaceOrientations = "UIInterfaceOrientationPortrait UIInterfaceOrientationPortraitUpsideDown";
				IPHONEOS_DEPLOYMENT_TARGET = 17.6;
				LD_RUNPATH_SEARCH_PATHS = (
					"$(inherited)",
					"@executable_path/Frameworks",
				);
				MARKETING_VERSION = 1.0;
				PRODUCT_BUNDLE_IDENTIFIER = me.acortino.BeforeZero;
				PRODUCT_NAME = "$(TARGET_NAME)";
				SWIFT_EMIT_LOC_STRINGS = YES;
				SWIFT_VERSION = 5.0;
				TARGETED_DEVICE_FAMILY = "1,2";
			};
			name = Debug;
		};
		E28FFDDB2F29208400CBBAAE /* Release */ = {
			isa = XCBuildConfiguration;
			buildSettings = {
				ASSETCATALOG_COMPILER_APPICON_NAME = AppIcon;
				ASSETCATALOG_COMPILER_GLOBAL_ACCENT_COLOR_NAME = AccentColor;
				CODE_SIGN_STYLE = Automatic;
				CURRENT_PROJECT_VERSION = 1;
				DEVELOPMENT_ASSET_PATHS = "\"BeforeZero/Preview Content\"";
				DEVELOPMENT_TEAM = 4XRN6CF49N;
				ENABLE_PREVIEWS = YES;
				GENERATE_INFOPLIST_FILE = YES;
				INFOPLIST_KEY_CFBundleDisplayName = "Before Zero";
				INFOPLIST_KEY_LSApplicationCategoryType = "public.app-category.finance";
				INFOPLIST_KEY_UIApplicationSceneManifest_Generation = YES;
				INFOPLIST_KEY_UIApplicationSupportsIndirectInputEvents = YES;
				INFOPLIST_KEY_UILaunchScreen_Generation = YES;
				INFOPLIST_KEY_UIStatusBarHidden = YES;
				INFOPLIST_KEY_UIStatusBarStyle = "";
				INFOPLIST_KEY_UISupportedInterfaceOrientations = "UIInterfaceOrientationPortrait UIInterfaceOrientationPortraitUpsideDown";
				IPHONEOS_DEPLOYMENT_TARGET = 17.6;
				LD_RUNPATH_SEARCH_PATHS = (
					"$(inherited)",
					"@executable_path/Frameworks",
				);
				MARKETING_VERSION = 1.0;
				PRODUCT_BUNDLE_IDENTIFIER = me.acortino.BeforeZero;
				PRODUCT_NAME = "$(TARGET_NAME)";
				SWIFT_EMIT_LOC_STRINGS = YES;
				SWIFT_VERSION = 5.0;
				TARGETED_DEVICE_FAMILY = "1,2";
			};
			name = Release;
		};
		E28FFDDD2F29208400CBBAAE /* Debug */ = {
			isa = XCBuildConfiguration;
			buildSettings = {
				BUNDLE_LOADER = "$(TEST_HOST)";
				CODE_SIGN_STYLE = Automatic;
				CURRENT_PROJECT_VERSION = 1;
				DEVELOPMENT_TEAM = 4XRN6CF49N;
				GENERATE_INFOPLIST_FILE = YES;
				IPHONEOS_DEPLOYMENT_TARGET = 17.6;
				MARKETING_VERSION = 1.0;
				PRODUCT_BUNDLE_IDENTIFIER = me.acortino.BeforeZeroTests;
				PRODUCT_NAME = "$(TARGET_NAME)";
				SWIFT_EMIT_LOC_STRINGS = NO;
				SWIFT_VERSION = 5.0;
				TARGETED_DEVICE_FAMILY = "1,2";
				TEST_HOST = "$(BUILT_PRODUCTS_DIR)/BeforeZero.app/$(BUNDLE_EXECUTABLE_FOLDER_PATH)/BeforeZero";
			};
			name = Debug;
		};
		E28FFDDE2F29208400CBBAAE /* Release */ = {
			isa = XCBuildConfiguration;
			buildSettings = {
				BUNDLE_LOADER = "$(TEST_HOST)";
				CODE_SIGN_STYLE = Automatic;
				CURRENT_PROJECT_VERSION = 1;
				DEVELOPMENT_TEAM = 4XRN6CF49N;
				GENERATE_INFOPLIST_FILE = YES;
				IPHONEOS_DEPLOYMENT_TARGET = 17.6;
				MARKETING_VERSION = 1.0;
				PRODUCT_BUNDLE_IDENTIFIER = me.acortino.BeforeZeroTests;
				PRODUCT_NAME = "$(TARGET_NAME)";
				SWIFT_EMIT_LOC_STRINGS = NO;
				SWIFT_VERSION = 5.0;
				TARGETED_DEVICE_FAMILY = "1,2";
				TEST_HOST = "$(BUILT_PRODUCTS_DIR)/BeforeZero.app/$(BUNDLE_EXECUTABLE_FOLDER_PATH)/BeforeZero";
			};
			name = Release;
		};
		E28FFDE02F29208400CBBAAE /* Debug */ = {
			isa = XCBuildConfiguration;
			buildSettings = {
				CODE_SIGN_STYLE = Automatic;
				CURRENT_PROJECT_VERSION = 1;
				DEVELOPMENT_TEAM = 4XRN6CF49N;
				GENERATE_INFOPLIST_FILE = YES;
				IPHONEOS_DEPLOYMENT_TARGET = 17.6;
				MARKETING_VERSION = 1.0;
				PRODUCT_BUNDLE_IDENTIFIER = me.acortino.BeforeZeroUITests;
				PRODUCT_NAME = "$(TARGET_NAME)";
				SWIFT_EMIT_LOC_STRINGS = NO;
				SWIFT_VERSION = 5.0;
				TARGETED_DEVICE_FAMILY = "1,2";
				TEST_TARGET_NAME = BeforeZero;
			};
			name = Debug;
		};
		E28FFDE12F29208400CBBAAE /* Release */ = {
			isa = XCBuildConfiguration;
			buildSettings = {
				CODE_SIGN_STYLE = Automatic;
				CURRENT_PROJECT_VERSION = 1;
				DEVELOPMENT_TEAM = 4XRN6CF49N;
				GENERATE_INFOPLIST_FILE = YES;
				IPHONEOS_DEPLOYMENT_TARGET = 17.6;
				MARKETING_VERSION = 1.0;
				PRODUCT_BUNDLE_IDENTIFIER = me.acortino.BeforeZeroUITests;
				PRODUCT_NAME = "$(TARGET_NAME)";
				SWIFT_EMIT_LOC_STRINGS = NO;
				SWIFT_VERSION = 5.0;
				TARGETED_DEVICE_FAMILY = "1,2";
				TEST_TARGET_NAME = BeforeZero;
			};
			name = Release;
		};
/* End XCBuildConfiguration section */

/* Begin XCConfigurationList section */
		E28FFDAE2F29208300CBBAAE /* Build configuration list for PBXProject "BeforeZero" */ = {
			isa = XCConfigurationList;
			buildConfigurations = (
				E28FFDD72F29208400CBBAAE /* Debug */,
				E28FFDD82F29208400CBBAAE /* Release */,
			);
			defaultConfigurationIsVisible = 0;
			defaultConfigurationName = Release;
		};
		E28FFDD92F29208400CBBAAE /* Build configuration list for PBXNativeTarget "BeforeZero" */ = {
			isa = XCConfigurationList;
			buildConfigurations = (
				E28FFDDA2F29208400CBBAAE /* Debug */,
				E28FFDDB2F29208400CBBAAE /* Release */,
			);
			defaultConfigurationIsVisible = 0;
			defaultConfigurationName = Release;
		};
		E28FFDDC2F29208400CBBAAE /* Build configuration list for PBXNativeTarget "BeforeZeroTests" */ = {
			isa = XCConfigurationList;
			buildConfigurations = (
				E28FFDDD2F29208400CBBAAE /* Debug */,
				E28FFDDE2F29208400CBBAAE /* Release */,
			);
			defaultConfigurationIsVisible = 0;
			defaultConfigurationName = Release;
		};
		E28FFDDF2F29208400CBBAAE /* Build configuration list for PBXNativeTarget "BeforeZeroUITests" */ = {
			isa = XCConfigurationList;
			buildConfigurations = (
				E28FFDE02F29208400CBBAAE /* Debug */,
				E28FFDE12F29208400CBBAAE /* Release */,
			);
			defaultConfigurationIsVisible = 0;
			defaultConfigurationName = Release;
		};
/* End XCConfigurationList section */
	};
	rootObject = E28FFDAB2F29208300CBBAAE /* Project object */;
}
